// !$*UTF8*$!
{
	archiveVersion = 1;
	classes = {
	};
	objectVersion = 77;
	objects = {

/* Begin PBXBuildFile section */
		01A4A63EC01E2AFD4BD19196 /* GameplayView.swift in Sources */ = {isa = PBXBuildFile; fileRef = 105E70833C0D6D60A6374FA2 /* GameplayView.swift */; };
		0203464B55CF6B69E7EBDFE7 /* CharacterSelectionView.swift in Sources */ = {isa = PBXBuildFile; fileRef = 42140252FA00D849A425CFDA /* CharacterSelectionView.swift */; };
		093DEDADA344DF9747A1074F /* SpaceMusicProvider.swift in Sources */ = {isa = PBXBuildFile; fileRef = D029FBD644CE72D17C75A388 /* SpaceMusicProvider.swift */; };
		0ACBF8A18F9D49960A7C067A /* DesertMusicProvider.swift in Sources */ = {isa = PBXBuildFile; fileRef = 4B1D7EC5E56BE07CAFBCC017 /* DesertMusicProvider.swift */; };
		0B50B8AD5C3A2C22864668FA /* GameScene.swift in Sources */ = {isa = PBXBuildFile; fileRef = 0F3202C35D079424FCF1F8EF /* GameScene.swift */; };
		0DA5A03DC6FD4ADB134B6A7E /* GameEnvironment.swift in Sources */ = {isa = PBXBuildFile; fileRef = 6E843682737E19575E79F32C /* GameEnvironment.swift */; };
		111CA6AE1607743AC30F1239 /* Assets.xcassets in Resources */ = {isa = PBXBuildFile; fileRef = 4394DD11C6F46FD886741F75 /* Assets.xcassets */; };
		17789F6C18E27A1650A54641 /* UnderwaterEnvironmentRenderer.swift in Sources */ = {isa = PBXBuildFile; fileRef = EE92D4174F8F1371C4CA3E7D /* UnderwaterEnvironmentRenderer.swift */; };
		1C8D88F5A00EA872E6067D7F /* DesertEnvironmentRenderer.swift in Sources */ = {isa = PBXBuildFile; fileRef = DA7EA224111E6FAEEA1829FA /* DesertEnvironmentRenderer.swift */; };
		25606A0AF462A7C03662CDD9 /* ClassicEnvironmentRenderer.swift in Sources */ = {isa = PBXBuildFile; fileRef = CB4B136960E902671F8F4BAD /* ClassicEnvironmentRenderer.swift */; };
		29FCA9DB4DC3304F43CC2C51 /* GameRouter.swift in Sources */ = {isa = PBXBuildFile; fileRef = 93A464C9E14D2A6A370FDEB0 /* GameRouter.swift */; };
		2A2A9121880093EB68E23F28 /* GameConfig.swift in Sources */ = {isa = PBXBuildFile; fileRef = B0239F12777A68F98E6193C6 /* GameConfig.swift */; };
		2AB714376974DC49BEBCA554 /* CharacterRenderer.swift in Sources */ = {isa = PBXBuildFile; fileRef = 82E0D7E1E193E5FCA1EB7775 /* CharacterRenderer.swift */; };
		2F733F6FA2D3BB609B3AA2BC /* SpaceEnvironmentRenderer.swift in Sources */ = {isa = PBXBuildFile; fileRef = 6C27D27BB2718B8892415B12 /* SpaceEnvironmentRenderer.swift */; };
		32CE31330750AAA492A4202A /* DesertMusicProvider.swift in Sources */ = {isa = PBXBuildFile; fileRef = 4B1D7EC5E56BE07CAFBCC017 /* DesertMusicProvider.swift */; };
		3302A7B6F484E11C405D360F /* PhysicsCategory.swift in Sources */ = {isa = PBXBuildFile; fileRef = F3E4E837046A8DCB62766476 /* PhysicsCategory.swift */; };
		3E496F62C23B137ED46298D2 /* PlayerNode.swift in Sources */ = {isa = PBXBuildFile; fileRef = 1EECA708149E9A1DDF9460E0 /* PlayerNode.swift */; };
		408AA8D79783D2DF0A03C0BD /* EnvironmentMusicProvider.swift in Sources */ = {isa = PBXBuildFile; fileRef = 9BD39CCB31E1DACD34EB9C7F /* EnvironmentMusicProvider.swift */; };
		43D5763F69A0AB53D78C0446 /* MusicEngine.swift in Sources */ = {isa = PBXBuildFile; fileRef = 97CD20503913CB47CA00DCFC /* MusicEngine.swift */; };
		45C8159DFD65A7C65591BA03 /* Assets.xcassets in Resources */ = {isa = PBXBuildFile; fileRef = 4394DD11C6F46FD886741F75 /* Assets.xcassets */; };
		47998C6A8BA2C45A6BEC8D19 /* GameScene+Spawning.swift in Sources */ = {isa = PBXBuildFile; fileRef = FBD6A1D955D81FE3F14BFFB4 /* GameScene+Spawning.swift */; };
		4E462BEE307187320A01AE10 /* GameRouter.swift in Sources */ = {isa = PBXBuildFile; fileRef = 93A464C9E14D2A6A370FDEB0 /* GameRouter.swift */; };
		55C22B2F43F022A6BD2FE4EF /* EnvironmentMusicManager.swift in Sources */ = {isa = PBXBuildFile; fileRef = B9E5E3BBD00E7E9BD01B3209 /* EnvironmentMusicManager.swift */; };
		5845F83F1C8F65C1ABA3BDB9 /* UnderwaterEnvironmentRenderer.swift in Sources */ = {isa = PBXBuildFile; fileRef = EE92D4174F8F1371C4CA3E7D /* UnderwaterEnvironmentRenderer.swift */; };
		59F5C28952BC8FB2B0290BB5 /* ArcticEnvironmentRenderer.swift in Sources */ = {isa = PBXBuildFile; fileRef = 232130CA16A53B63147E7FBE /* ArcticEnvironmentRenderer.swift */; };
		5B9185CDC42959E89A2DBD0B /* MenuMusicProvider.swift in Sources */ = {isa = PBXBuildFile; fileRef = 8D5133F3A8CCC3970EBA4A3A /* MenuMusicProvider.swift */; };
		5C1E3F98A9AE206BC43743C7 /* GameState.swift in Sources */ = {isa = PBXBuildFile; fileRef = 30948F375B2ECCAA4C8AE634 /* GameState.swift */; };
		5C8E19E3D5503F5EF740E0AD /* GameConfig.swift in Sources */ = {isa = PBXBuildFile; fileRef = B0239F12777A68F98E6193C6 /* GameConfig.swift */; };
		5E5DB28EA662E33E9352FD5B /* EnvironmentSelectionView.swift in Sources */ = {isa = PBXBuildFile; fileRef = 8500681CEC752EA6E5EA90D7 /* EnvironmentSelectionView.swift */; };
		5F2C8F62C3FED7AF2F331805 /* PlayerNode.swift in Sources */ = {isa = PBXBuildFile; fileRef = 1EECA708149E9A1DDF9460E0 /* PlayerNode.swift */; };
		5F5383CA13CCC423D28605FD /* AudioKit in Frameworks */ = {isa = PBXBuildFile; productRef = 68245BA54677E635FE9FC900 /* AudioKit */; };
		61345083FDF823C8E0B1EA90 /* SFXGenerator.swift in Sources */ = {isa = PBXBuildFile; fileRef = BB1A7DFAE69741BFCCE928A1 /* SFXGenerator.swift */; };
		615BA58D98874C71D3FF4AA5 /* GameScene+Input.swift in Sources */ = {isa = PBXBuildFile; fileRef = B735E24AE07431ADAF4E955F /* GameScene+Input.swift */; };
		62AA744029546166E86E5AB1 /* EnvironmentRenderer.swift in Sources */ = {isa = PBXBuildFile; fileRef = 2394C713011573591EA13029 /* EnvironmentRenderer.swift */; };
		62C0A8437F7E6A7E6C1E7F8A /* AudioManager.swift in Sources */ = {isa = PBXBuildFile; fileRef = E7EC427936D543BD726587CE /* AudioManager.swift */; };
		66A4DD723957318F554D4D73 /* CharacterRenderer.swift in Sources */ = {isa = PBXBuildFile; fileRef = 82E0D7E1E193E5FCA1EB7775 /* CharacterRenderer.swift */; };
		6B36B98B097EDC464ECCD137 /* JungleEnvironmentRenderer.swift in Sources */ = {isa = PBXBuildFile; fileRef = 2FABBDEF463E09BED9A3D57C /* JungleEnvironmentRenderer.swift */; };
		6BA0180BCDCBC786FA2EF1AB /* ClassicMusicProvider.swift in Sources */ = {isa = PBXBuildFile; fileRef = 0B96F217A616EA27A3F14350 /* ClassicMusicProvider.swift */; };
		6DE16527A9151BE44A5803D7 /* FlappyBirdApp.swift in Sources */ = {isa = PBXBuildFile; fileRef = 6BB661579ABDBF7A78803930 /* FlappyBirdApp.swift */; };
		71C2BD5206471EDD93A53090 /* ArcticMusicProvider.swift in Sources */ = {isa = PBXBuildFile; fileRef = 4C76444719C38CCB18FE008B /* ArcticMusicProvider.swift */; };
		72441A2685259A05D7CFB5D6 /* ParallaxBackground.swift in Sources */ = {isa = PBXBuildFile; fileRef = FC7A6B44C50574C15BDA5798 /* ParallaxBackground.swift */; };
		7400CEF5C90A1DD01A013B8D /* GameplayView.swift in Sources */ = {isa = PBXBuildFile; fileRef = 105E70833C0D6D60A6374FA2 /* GameplayView.swift */; };
		7BC63A02B32ED81E4D077E7E /* GameScene+Input.swift in Sources */ = {isa = PBXBuildFile; fileRef = B735E24AE07431ADAF4E955F /* GameScene+Input.swift */; };
		7CEBB1E3F9428038CEF49D77 /* PhysicsCategory.swift in Sources */ = {isa = PBXBuildFile; fileRef = F3E4E837046A8DCB62766476 /* PhysicsCategory.swift */; };
		7FA35A59473A7ECB6EC13D76 /* ArcticEnvironmentRenderer.swift in Sources */ = {isa = PBXBuildFile; fileRef = 232130CA16A53B63147E7FBE /* ArcticEnvironmentRenderer.swift */; };
		7FCAF04569111314D4437182 /* GameEnvironment.swift in Sources */ = {isa = PBXBuildFile; fileRef = 6E843682737E19575E79F32C /* GameEnvironment.swift */; };
		8371513B8F971C029C7081CB /* GameScene.swift in Sources */ = {isa = PBXBuildFile; fileRef = 0F3202C35D079424FCF1F8EF /* GameScene.swift */; };
		8919531FA891FD0AC1D36A60 /* MusicEngine.swift in Sources */ = {isa = PBXBuildFile; fileRef = 97CD20503913CB47CA00DCFC /* MusicEngine.swift */; };
		8BA42DF723E747DE7E928870 /* TitleView.swift in Sources */ = {isa = PBXBuildFile; fileRef = B04A6A52C66E7F6A39F565FF /* TitleView.swift */; };
		8E5C9053ADCC051605C9AF3F /* EnvironmentMusicProvider.swift in Sources */ = {isa = PBXBuildFile; fileRef = 9BD39CCB31E1DACD34EB9C7F /* EnvironmentMusicProvider.swift */; };
		9059DAF524A4DE7DF5EF3630 /* UnderwaterMusicProvider.swift in Sources */ = {isa = PBXBuildFile; fileRef = 4DBE1E24A8288B3A2A7188EE /* UnderwaterMusicProvider.swift */; };
		97378D63F60C9FFA7E54CCF5 /* DesertEnvironmentRenderer.swift in Sources */ = {isa = PBXBuildFile; fileRef = DA7EA224111E6FAEEA1829FA /* DesertEnvironmentRenderer.swift */; };
		98DC6940F1536EFDAD07205D /* JungleEnvironmentRenderer.swift in Sources */ = {isa = PBXBuildFile; fileRef = 2FABBDEF463E09BED9A3D57C /* JungleEnvironmentRenderer.swift */; };
		9DC5FB78C0D719851ACEF363 /* JungleMusicProvider.swift in Sources */ = {isa = PBXBuildFile; fileRef = EC77221464CB1AEA7123EAE4 /* JungleMusicProvider.swift */; };
		9E4772BD35E4CE368B3A87B9 /* ContentView.swift in Sources */ = {isa = PBXBuildFile; fileRef = 040B5C9A7D8F4BF3B7F182D9 /* ContentView.swift */; };
		A3AFDEF35C50E900D94B2D3D /* SpaceMusicProvider.swift in Sources */ = {isa = PBXBuildFile; fileRef = D029FBD644CE72D17C75A388 /* SpaceMusicProvider.swift */; };
		A82B8D389D09B88AE77EFF01 /* ContentView.swift in Sources */ = {isa = PBXBuildFile; fileRef = 040B5C9A7D8F4BF3B7F182D9 /* ContentView.swift */; };
		AD2EFA03B7AFE80A330F0B85 /* AudioKit in Frameworks */ = {isa = PBXBuildFile; productRef = DEEBB6D2BB6A55A216ECE864 /* AudioKit */; };
		AF6FC545EC3383CE3E07129D /* JungleMusicProvider.swift in Sources */ = {isa = PBXBuildFile; fileRef = EC77221464CB1AEA7123EAE4 /* JungleMusicProvider.swift */; };
		B0A253C7302FEB00F88007D9 /* ObstacleNode.swift in Sources */ = {isa = PBXBuildFile; fileRef = 8AB35EAA464689B518E9A455 /* ObstacleNode.swift */; };
		B30B3623FBBDCDB336E6E5F0 /* EnvironmentMusicManager.swift in Sources */ = {isa = PBXBuildFile; fileRef = B9E5E3BBD00E7E9BD01B3209 /* EnvironmentMusicManager.swift */; };
		B43BB20E535E048F75A50E1A /* AudioManager.swift in Sources */ = {isa = PBXBuildFile; fileRef = E7EC427936D543BD726587CE /* AudioManager.swift */; };
		C1FD3D385AAF68707D89D98E /* ParallaxBackground.swift in Sources */ = {isa = PBXBuildFile; fileRef = FC7A6B44C50574C15BDA5798 /* ParallaxBackground.swift */; };
		C9535D52A4607219D41FC91E /* SFXGenerator.swift in Sources */ = {isa = PBXBuildFile; fileRef = BB1A7DFAE69741BFCCE928A1 /* SFXGenerator.swift */; };
		C9FA819FD45FDF6B5C6F3621 /* ObstacleNode.swift in Sources */ = {isa = PBXBuildFile; fileRef = 8AB35EAA464689B518E9A455 /* ObstacleNode.swift */; };
		CDD82A42135F4B6B834E8421 /* GameScene+Spawning.swift in Sources */ = {isa = PBXBuildFile; fileRef = FBD6A1D955D81FE3F14BFFB4 /* GameScene+Spawning.swift */; };
		D2947857DD55429CAAD59C20 /* ArcticMusicProvider.swift in Sources */ = {isa = PBXBuildFile; fileRef = 4C76444719C38CCB18FE008B /* ArcticMusicProvider.swift */; };
		DA905F6CD86EDB81C1D5C9A4 /* MenuMusicProvider.swift in Sources */ = {isa = PBXBuildFile; fileRef = 8D5133F3A8CCC3970EBA4A3A /* MenuMusicProvider.swift */; };
		DB1D2AEC2EEA7DCADFC8DFD2 /* GameState.swift in Sources */ = {isa = PBXBuildFile; fileRef = 30948F375B2ECCAA4C8AE634 /* GameState.swift */; };
		E00B0B19447F0440584A9C24 /* EnvironmentRenderer.swift in Sources */ = {isa = PBXBuildFile; fileRef = 2394C713011573591EA13029 /* EnvironmentRenderer.swift */; };
		E0C2AEFE3816ECC728D7E465 /* FlappyBirdApp.swift in Sources */ = {isa = PBXBuildFile; fileRef = 6BB661579ABDBF7A78803930 /* FlappyBirdApp.swift */; };
		E323F7C60630E8499B4E57C5 /* SpaceEnvironmentRenderer.swift in Sources */ = {isa = PBXBuildFile; fileRef = 6C27D27BB2718B8892415B12 /* SpaceEnvironmentRenderer.swift */; };
		E81186983FCCC8FD0C7C001C /* GameCharacter.swift in Sources */ = {isa = PBXBuildFile; fileRef = 7B5E844913D08AC05892B1EE /* GameCharacter.swift */; };
		EA8EF0F1D083699E3F2C6E30 /* EnvironmentSelectionView.swift in Sources */ = {isa = PBXBuildFile; fileRef = 8500681CEC752EA6E5EA90D7 /* EnvironmentSelectionView.swift */; };
		EFAAA889E98C50AF014853AD /* ClassicEnvironmentRenderer.swift in Sources */ = {isa = PBXBuildFile; fileRef = CB4B136960E902671F8F4BAD /* ClassicEnvironmentRenderer.swift */; };
		F32D09031F597EBCA17036A2 /* ClassicMusicProvider.swift in Sources */ = {isa = PBXBuildFile; fileRef = 0B96F217A616EA27A3F14350 /* ClassicMusicProvider.swift */; };
		FB5C7D10DF1B6F1244E36FD2 /* GameCharacter.swift in Sources */ = {isa = PBXBuildFile; fileRef = 7B5E844913D08AC05892B1EE /* GameCharacter.swift */; };
		FB9C5AFDB82C505DE0A73CDD /* UnderwaterMusicProvider.swift in Sources */ = {isa = PBXBuildFile; fileRef = 4DBE1E24A8288B3A2A7188EE /* UnderwaterMusicProvider.swift */; };
		FD7468EDEACC3AB5FB356DC2 /* TitleView.swift in Sources */ = {isa = PBXBuildFile; fileRef = B04A6A52C66E7F6A39F565FF /* TitleView.swift */; };
		FE77F5EA63863AD7E4044D58 /* CharacterSelectionView.swift in Sources */ = {isa = PBXBuildFile; fileRef = 42140252FA00D849A425CFDA /* CharacterSelectionView.swift */; };
/* End PBXBuildFile section */

/* Begin PBXFileReference section */
		040B5C9A7D8F4BF3B7F182D9 /* ContentView.swift */ = {isa = PBXFileReference; lastKnownFileType = sourcecode.swift; path = ContentView.swift; sourceTree = "<group>"; };
		0B96F217A616EA27A3F14350 /* ClassicMusicProvider.swift */ = {isa = PBXFileReference; lastKnownFileType = sourcecode.swift; path = ClassicMusicProvider.swift; sourceTree = "<group>"; };
		0F3202C35D079424FCF1F8EF /* GameScene.swift */ = {isa = PBXFileReference; lastKnownFileType = sourcecode.swift; path = GameScene.swift; sourceTree = "<group>"; };
		105E70833C0D6D60A6374FA2 /* GameplayView.swift */ = {isa = PBXFileReference; lastKnownFileType = sourcecode.swift; path = GameplayView.swift; sourceTree = "<group>"; };
		1EECA708149E9A1DDF9460E0 /* PlayerNode.swift */ = {isa = PBXFileReference; lastKnownFileType = sourcecode.swift; path = PlayerNode.swift; sourceTree = "<group>"; };
		232130CA16A53B63147E7FBE /* ArcticEnvironmentRenderer.swift */ = {isa = PBXFileReference; lastKnownFileType = sourcecode.swift; path = ArcticEnvironmentRenderer.swift; sourceTree = "<group>"; };
		2394C713011573591EA13029 /* EnvironmentRenderer.swift */ = {isa = PBXFileReference; lastKnownFileType = sourcecode.swift; path = EnvironmentRenderer.swift; sourceTree = "<group>"; };
		2FABBDEF463E09BED9A3D57C /* JungleEnvironmentRenderer.swift */ = {isa = PBXFileReference; lastKnownFileType = sourcecode.swift; path = JungleEnvironmentRenderer.swift; sourceTree = "<group>"; };
		30948F375B2ECCAA4C8AE634 /* GameState.swift */ = {isa = PBXFileReference; lastKnownFileType = sourcecode.swift; path = GameState.swift; sourceTree = "<group>"; };
		42140252FA00D849A425CFDA /* CharacterSelectionView.swift */ = {isa = PBXFileReference; lastKnownFileType = sourcecode.swift; path = CharacterSelectionView.swift; sourceTree = "<group>"; };
		4394DD11C6F46FD886741F75 /* Assets.xcassets */ = {isa = PBXFileReference; lastKnownFileType = folder.assetcatalog; path = Assets.xcassets; sourceTree = "<group>"; };
		4B1D7EC5E56BE07CAFBCC017 /* DesertMusicProvider.swift */ = {isa = PBXFileReference; lastKnownFileType = sourcecode.swift; path = DesertMusicProvider.swift; sourceTree = "<group>"; };
		4C76444719C38CCB18FE008B /* ArcticMusicProvider.swift */ = {isa = PBXFileReference; lastKnownFileType = sourcecode.swift; path = ArcticMusicProvider.swift; sourceTree = "<group>"; };
		4DBE1E24A8288B3A2A7188EE /* UnderwaterMusicProvider.swift */ = {isa = PBXFileReference; lastKnownFileType = sourcecode.swift; path = UnderwaterMusicProvider.swift; sourceTree = "<group>"; };
		528062AAD813524B890C77D6 /* FlappyBird-iOS.app */ = {isa = PBXFileReference; includeInIndex = 0; lastKnownFileType = wrapper.application; path = "FlappyBird-iOS.app"; sourceTree = BUILT_PRODUCTS_DIR; };
		6BB661579ABDBF7A78803930 /* FlappyBirdApp.swift */ = {isa = PBXFileReference; lastKnownFileType = sourcecode.swift; path = FlappyBirdApp.swift; sourceTree = "<group>"; };
		6C27D27BB2718B8892415B12 /* SpaceEnvironmentRenderer.swift */ = {isa = PBXFileReference; lastKnownFileType = sourcecode.swift; path = SpaceEnvironmentRenderer.swift; sourceTree = "<group>"; };
		6E843682737E19575E79F32C /* GameEnvironment.swift */ = {isa = PBXFileReference; lastKnownFileType = sourcecode.swift; path = GameEnvironment.swift; sourceTree = "<group>"; };
		7B5E844913D08AC05892B1EE /* GameCharacter.swift */ = {isa = PBXFileReference; lastKnownFileType = sourcecode.swift; path = GameCharacter.swift; sourceTree = "<group>"; };
		82E0D7E1E193E5FCA1EB7775 /* CharacterRenderer.swift */ = {isa = PBXFileReference; lastKnownFileType = sourcecode.swift; path = CharacterRenderer.swift; sourceTree = "<group>"; };
		8500681CEC752EA6E5EA90D7 /* EnvironmentSelectionView.swift */ = {isa = PBXFileReference; lastKnownFileType = sourcecode.swift; path = EnvironmentSelectionView.swift; sourceTree = "<group>"; };
		8AB35EAA464689B518E9A455 /* ObstacleNode.swift */ = {isa = PBXFileReference; lastKnownFileType = sourcecode.swift; path = ObstacleNode.swift; sourceTree = "<group>"; };
		8D5133F3A8CCC3970EBA4A3A /* MenuMusicProvider.swift */ = {isa = PBXFileReference; lastKnownFileType = sourcecode.swift; path = MenuMusicProvider.swift; sourceTree = "<group>"; };
		916AB48ED9A451AF29BC665D /* FlappyBird-macOS.app */ = {isa = PBXFileReference; explicitFileType = wrapper.application; includeInIndex = 0; path = "FlappyBird-macOS.app"; sourceTree = BUILT_PRODUCTS_DIR; };
		93A464C9E14D2A6A370FDEB0 /* GameRouter.swift */ = {isa = PBXFileReference; lastKnownFileType = sourcecode.swift; path = GameRouter.swift; sourceTree = "<group>"; };
		97CD20503913CB47CA00DCFC /* MusicEngine.swift */ = {isa = PBXFileReference; lastKnownFileType = sourcecode.swift; path = MusicEngine.swift; sourceTree = "<group>"; };
		9BD39CCB31E1DACD34EB9C7F /* EnvironmentMusicProvider.swift */ = {isa = PBXFileReference; lastKnownFileType = sourcecode.swift; path = EnvironmentMusicProvider.swift; sourceTree = "<group>"; };
		B0239F12777A68F98E6193C6 /* GameConfig.swift */ = {isa = PBXFileReference; lastKnownFileType = sourcecode.swift; path = GameConfig.swift; sourceTree = "<group>"; };
		B04A6A52C66E7F6A39F565FF /* TitleView.swift */ = {isa = PBXFileReference; lastKnownFileType = sourcecode.swift; path = TitleView.swift; sourceTree = "<group>"; };
		B735E24AE07431ADAF4E955F /* GameScene+Input.swift */ = {isa = PBXFileReference; lastKnownFileType = sourcecode.swift; path = "GameScene+Input.swift"; sourceTree = "<group>"; };
		B9E5E3BBD00E7E9BD01B3209 /* EnvironmentMusicManager.swift */ = {isa = PBXFileReference; lastKnownFileType = sourcecode.swift; path = EnvironmentMusicManager.swift; sourceTree = "<group>"; };
		BB1A7DFAE69741BFCCE928A1 /* SFXGenerator.swift */ = {isa = PBXFileReference; lastKnownFileType = sourcecode.swift; path = SFXGenerator.swift; sourceTree = "<group>"; };
		CB4B136960E902671F8F4BAD /* ClassicEnvironmentRenderer.swift */ = {isa = PBXFileReference; lastKnownFileType = sourcecode.swift; path = ClassicEnvironmentRenderer.swift; sourceTree = "<group>"; };
		D029FBD644CE72D17C75A388 /* SpaceMusicProvider.swift */ = {isa = PBXFileReference; lastKnownFileType = sourcecode.swift; path = SpaceMusicProvider.swift; sourceTree = "<group>"; };
		DA7EA224111E6FAEEA1829FA /* DesertEnvironmentRenderer.swift */ = {isa = PBXFileReference; lastKnownFileType = sourcecode.swift; path = DesertEnvironmentRenderer.swift; sourceTree = "<group>"; };
		E7EC427936D543BD726587CE /* AudioManager.swift */ = {isa = PBXFileReference; lastKnownFileType = sourcecode.swift; path = AudioManager.swift; sourceTree = "<group>"; };
		EC77221464CB1AEA7123EAE4 /* JungleMusicProvider.swift */ = {isa = PBXFileReference; lastKnownFileType = sourcecode.swift; path = JungleMusicProvider.swift; sourceTree = "<group>"; };
		EE92D4174F8F1371C4CA3E7D /* UnderwaterEnvironmentRenderer.swift */ = {isa = PBXFileReference; lastKnownFileType = sourcecode.swift; path = UnderwaterEnvironmentRenderer.swift; sourceTree = "<group>"; };
		F3E4E837046A8DCB62766476 /* PhysicsCategory.swift */ = {isa = PBXFileReference; lastKnownFileType = sourcecode.swift; path = PhysicsCategory.swift; sourceTree = "<group>"; };
		FBD6A1D955D81FE3F14BFFB4 /* GameScene+Spawning.swift */ = {isa = PBXFileReference; lastKnownFileType = sourcecode.swift; path = "GameScene+Spawning.swift"; sourceTree = "<group>"; };
		FC7A6B44C50574C15BDA5798 /* ParallaxBackground.swift */ = {isa = PBXFileReference; lastKnownFileType = sourcecode.swift; path = ParallaxBackground.swift; sourceTree = "<group>"; };
/* End PBXFileReference section */

/* Begin PBXFrameworksBuildPhase section */
		43F0D89C176A981533EAA9FE /* Frameworks */ = {
			isa = PBXFrameworksBuildPhase;
			buildActionMask = 2147483647;
			files = (
				AD2EFA03B7AFE80A330F0B85 /* AudioKit in Frameworks */,
			);
			runOnlyForDeploymentPostprocessing = 0;
		};
		6C4EECFF203B870699F0C59A /* Frameworks */ = {
			isa = PBXFrameworksBuildPhase;
			buildActionMask = 2147483647;
			files = (
				5F5383CA13CCC423D28605FD /* AudioKit in Frameworks */,
			);
			runOnlyForDeploymentPostprocessing = 0;
		};
/* End PBXFrameworksBuildPhase section */

/* Begin PBXGroup section */
		5DEAA722BC97F278EB9B698E /* Environments */ = {
			isa = PBXGroup;
			children = (
				232130CA16A53B63147E7FBE /* ArcticEnvironmentRenderer.swift */,
				CB4B136960E902671F8F4BAD /* ClassicEnvironmentRenderer.swift */,
				DA7EA224111E6FAEEA1829FA /* DesertEnvironmentRenderer.swift */,
				2FABBDEF463E09BED9A3D57C /* JungleEnvironmentRenderer.swift */,
				6C27D27BB2718B8892415B12 /* SpaceEnvironmentRenderer.swift */,
				EE92D4174F8F1371C4CA3E7D /* UnderwaterEnvironmentRenderer.swift */,
			);
			path = Environments;
			sourceTree = "<group>";
		};
		6F266CC9BEDAC167C27E7BE4 = {
			isa = PBXGroup;
			children = (
				6F2CAB4A9199FDF010EF294C /* FlappyBird */,
				BC33747AA894472E0D0157F6 /* Products */,
			);
			sourceTree = "<group>";
		};
		6F2CAB4A9199FDF010EF294C /* FlappyBird */ = {
			isa = PBXGroup;
			children = (
				C2D10381F8AECD62734D2C79 /* App */,
				8E56FFB6778AC73D17DCC157 /* Audio */,
				96D630C371B411BD38D037E9 /* Game */,
				9A27F314F54E6B66660BF794 /* Models */,
				CBFBF862DF59ADE7A15BD506 /* Resources */,
				B4E58F4A0EB5B7E876F5CBEB /* ViewModels */,
				7AE7F10547BF9C87C1205E5C /* Views */,
			);
			path = FlappyBird;
			sourceTree = "<group>";
		};
		7AE7F10547BF9C87C1205E5C /* Views */ = {
			isa = PBXGroup;
			children = (
				42140252FA00D849A425CFDA /* CharacterSelectionView.swift */,
				040B5C9A7D8F4BF3B7F182D9 /* ContentView.swift */,
				8500681CEC752EA6E5EA90D7 /* EnvironmentSelectionView.swift */,
				105E70833C0D6D60A6374FA2 /* GameplayView.swift */,
				B04A6A52C66E7F6A39F565FF /* TitleView.swift */,
			);
			path = Views;
			sourceTree = "<group>";
		};
		8E56FFB6778AC73D17DCC157 /* Audio */ = {
			isa = PBXGroup;
			children = (
				E7EC427936D543BD726587CE /* AudioManager.swift */,
				B9E5E3BBD00E7E9BD01B3209 /* EnvironmentMusicManager.swift */,
				9BD39CCB31E1DACD34EB9C7F /* EnvironmentMusicProvider.swift */,
				8D5133F3A8CCC3970EBA4A3A /* MenuMusicProvider.swift */,
				97CD20503913CB47CA00DCFC /* MusicEngine.swift */,
				BB1A7DFAE69741BFCCE928A1 /* SFXGenerator.swift */,
				FC6FCBEB84EFD39F41DCDDEE /* EnvironmentMusic */,
			);
			path = Audio;
			sourceTree = "<group>";
		};
		96D630C371B411BD38D037E9 /* Game */ = {
			isa = PBXGroup;
			children = (
				82E0D7E1E193E5FCA1EB7775 /* CharacterRenderer.swift */,
				2394C713011573591EA13029 /* EnvironmentRenderer.swift */,
				0F3202C35D079424FCF1F8EF /* GameScene.swift */,
				B735E24AE07431ADAF4E955F /* GameScene+Input.swift */,
				FBD6A1D955D81FE3F14BFFB4 /* GameScene+Spawning.swift */,
				8AB35EAA464689B518E9A455 /* ObstacleNode.swift */,
				FC7A6B44C50574C15BDA5798 /* ParallaxBackground.swift */,
				1EECA708149E9A1DDF9460E0 /* PlayerNode.swift */,
				5DEAA722BC97F278EB9B698E /* Environments */,
			);
			path = Game;
			sourceTree = "<group>";
		};
		9A27F314F54E6B66660BF794 /* Models */ = {
			isa = PBXGroup;
			children = (
				7B5E844913D08AC05892B1EE /* GameCharacter.swift */,
				B0239F12777A68F98E6193C6 /* GameConfig.swift */,
				6E843682737E19575E79F32C /* GameEnvironment.swift */,
				30948F375B2ECCAA4C8AE634 /* GameState.swift */,
				F3E4E837046A8DCB62766476 /* PhysicsCategory.swift */,
			);
			path = Models;
			sourceTree = "<group>";
		};
		B4E58F4A0EB5B7E876F5CBEB /* ViewModels */ = {
			isa = PBXGroup;
			children = (
				93A464C9E14D2A6A370FDEB0 /* GameRouter.swift */,
			);
			path = ViewModels;
			sourceTree = "<group>";
		};
		BC33747AA894472E0D0157F6 /* Products */ = {
			isa = PBXGroup;
			children = (
				528062AAD813524B890C77D6 /* FlappyBird-iOS.app */,
				916AB48ED9A451AF29BC665D /* FlappyBird-macOS.app */,
			);
			name = Products;
			sourceTree = "<group>";
		};
		C2D10381F8AECD62734D2C79 /* App */ = {
			isa = PBXGroup;
			children = (
				6BB661579ABDBF7A78803930 /* FlappyBirdApp.swift */,
			);
			path = App;
			sourceTree = "<group>";
		};
		CBFBF862DF59ADE7A15BD506 /* Resources */ = {
			isa = PBXGroup;
			children = (
				4394DD11C6F46FD886741F75 /* Assets.xcassets */,
			);
			path = Resources;
			sourceTree = "<group>";
		};
		FC6FCBEB84EFD39F41DCDDEE /* EnvironmentMusic */ = {
			isa = PBXGroup;
			children = (
				4C76444719C38CCB18FE008B /* ArcticMusicProvider.swift */,
				0B96F217A616EA27A3F14350 /* ClassicMusicProvider.swift */,
				4B1D7EC5E56BE07CAFBCC017 /* DesertMusicProvider.swift */,
				EC77221464CB1AEA7123EAE4 /* JungleMusicProvider.swift */,
				D029FBD644CE72D17C75A388 /* SpaceMusicProvider.swift */,
				4DBE1E24A8288B3A2A7188EE /* UnderwaterMusicProvider.swift */,
			);
			path = EnvironmentMusic;
			sourceTree = "<group>";
		};
/* End PBXGroup section */

/* Begin PBXNativeTarget section */
		CA2A874F94D9B8DEF0577779 /* FlappyBird-iOS */ = {
			isa = PBXNativeTarget;
			buildConfigurationList = 19E68A9E8FCE8C7BB84F6628 /* Build configuration list for PBXNativeTarget "FlappyBird-iOS" */;
			buildPhases = (
				7241A72F4DAC9577689E4DF0 /* Sources */,
				8D95031AA2CAA8DD98B5F3A0 /* Resources */,
				6C4EECFF203B870699F0C59A /* Frameworks */,
			);
			buildRules = (
			);
			dependencies = (
			);
			name = "FlappyBird-iOS";
			packageProductDependencies = (
				68245BA54677E635FE9FC900 /* AudioKit */,
			);
			productName = "FlappyBird-iOS";
			productReference = 528062AAD813524B890C77D6 /* FlappyBird-iOS.app */;
			productType = "com.apple.product-type.application";
		};
		CF3E6D0E628CE640AAB423B7 /* FlappyBird-macOS */ = {
			isa = PBXNativeTarget;
			buildConfigurationList = 2A667CE47DFF5C64E0CAA59B /* Build configuration list for PBXNativeTarget "FlappyBird-macOS" */;
			buildPhases = (
				9E3A093D089CE1F7921DB9ED /* Sources */,
				B145A5743C8EC4C216225E18 /* Resources */,
				43F0D89C176A981533EAA9FE /* Frameworks */,
			);
			buildRules = (
			);
			dependencies = (
			);
			name = "FlappyBird-macOS";
			packageProductDependencies = (
				DEEBB6D2BB6A55A216ECE864 /* AudioKit */,
			);
			productName = "FlappyBird-macOS";
			productReference = 916AB48ED9A451AF29BC665D /* FlappyBird-macOS.app */;
			productType = "com.apple.product-type.application";
		};
/* End PBXNativeTarget section */

/* Begin PBXProject section */
		8D4981AD2B4CD5E51F5DF425 /* Project object */ = {
			isa = PBXProject;
			attributes = {
				BuildIndependentTargetsInParallel = YES;
				LastUpgradeCheck = 1500;
			};
			buildConfigurationList = 5FBD74FDC812583FF6DE1F58 /* Build configuration list for PBXProject "FlappyBird" */;
			compatibilityVersion = "Xcode 14.0";
			developmentRegion = en;
			hasScannedForEncodings = 0;
			knownRegions = (
				Base,
				en,
			);
			mainGroup = 6F266CC9BEDAC167C27E7BE4;
			minimizedProjectReferenceProxies = 1;
			packageReferences = (
				E56460C24DB060FC3D0A58B9 /* XCRemoteSwiftPackageReference "AudioKit" */,
			);
			preferredProjectObjectVersion = 77;
			projectDirPath = "";
			projectRoot = "";
			targets = (
				CA2A874F94D9B8DEF0577779 /* FlappyBird-iOS */,
				CF3E6D0E628CE640AAB423B7 /* FlappyBird-macOS */,
			);
		};
/* End PBXProject section */

/* Begin PBXResourcesBuildPhase section */
		8D95031AA2CAA8DD98B5F3A0 /* Resources */ = {
			isa = PBXResourcesBuildPhase;
			buildActionMask = 2147483647;
			files = (
				111CA6AE1607743AC30F1239 /* Assets.xcassets in Resources */,
			);
			runOnlyForDeploymentPostprocessing = 0;
		};
		B145A5743C8EC4C216225E18 /* Resources */ = {
			isa = PBXResourcesBuildPhase;
			buildActionMask = 2147483647;
			files = (
				45C8159DFD65A7C65591BA03 /* Assets.xcassets in Resources */,
			);
			runOnlyForDeploymentPostprocessing = 0;
		};
/* End PBXResourcesBuildPhase section */

/* Begin PBXSourcesBuildPhase section */
		7241A72F4DAC9577689E4DF0 /* Sources */ = {
			isa = PBXSourcesBuildPhase;
			buildActionMask = 2147483647;
			files = (
				59F5C28952BC8FB2B0290BB5 /* ArcticEnvironmentRenderer.swift in Sources */,
				D2947857DD55429CAAD59C20 /* ArcticMusicProvider.swift in Sources */,
				B43BB20E535E048F75A50E1A /* AudioManager.swift in Sources */,
				2AB714376974DC49BEBCA554 /* CharacterRenderer.swift in Sources */,
				FE77F5EA63863AD7E4044D58 /* CharacterSelectionView.swift in Sources */,
				25606A0AF462A7C03662CDD9 /* ClassicEnvironmentRenderer.swift in Sources */,
				F32D09031F597EBCA17036A2 /* ClassicMusicProvider.swift in Sources */,
				9E4772BD35E4CE368B3A87B9 /* ContentView.swift in Sources */,
				1C8D88F5A00EA872E6067D7F /* DesertEnvironmentRenderer.swift in Sources */,
				32CE31330750AAA492A4202A /* DesertMusicProvider.swift in Sources */,
				55C22B2F43F022A6BD2FE4EF /* EnvironmentMusicManager.swift in Sources */,
				8E5C9053ADCC051605C9AF3F /* EnvironmentMusicProvider.swift in Sources */,
				E00B0B19447F0440584A9C24 /* EnvironmentRenderer.swift in Sources */,
				EA8EF0F1D083699E3F2C6E30 /* EnvironmentSelectionView.swift in Sources */,
				6DE16527A9151BE44A5803D7 /* FlappyBirdApp.swift in Sources */,
				FB5C7D10DF1B6F1244E36FD2 /* GameCharacter.swift in Sources */,
				2A2A9121880093EB68E23F28 /* GameConfig.swift in Sources */,
				7FCAF04569111314D4437182 /* GameEnvironment.swift in Sources */,
				4E462BEE307187320A01AE10 /* GameRouter.swift in Sources */,
				615BA58D98874C71D3FF4AA5 /* GameScene+Input.swift in Sources */,
				CDD82A42135F4B6B834E8421 /* GameScene+Spawning.swift in Sources */,
				0B50B8AD5C3A2C22864668FA /* GameScene.swift in Sources */,
				DB1D2AEC2EEA7DCADFC8DFD2 /* GameState.swift in Sources */,
				7400CEF5C90A1DD01A013B8D /* GameplayView.swift in Sources */,
				6B36B98B097EDC464ECCD137 /* JungleEnvironmentRenderer.swift in Sources */,
				AF6FC545EC3383CE3E07129D /* JungleMusicProvider.swift in Sources */,
				5B9185CDC42959E89A2DBD0B /* MenuMusicProvider.swift in Sources */,
				43D5763F69A0AB53D78C0446 /* MusicEngine.swift in Sources */,
				B0A253C7302FEB00F88007D9 /* ObstacleNode.swift in Sources */,
				72441A2685259A05D7CFB5D6 /* ParallaxBackground.swift in Sources */,
				3302A7B6F484E11C405D360F /* PhysicsCategory.swift in Sources */,
				5F2C8F62C3FED7AF2F331805 /* PlayerNode.swift in Sources */,
				61345083FDF823C8E0B1EA90 /* SFXGenerator.swift in Sources */,
				2F733F6FA2D3BB609B3AA2BC /* SpaceEnvironmentRenderer.swift in Sources */,
				093DEDADA344DF9747A1074F /* SpaceMusicProvider.swift in Sources */,
				FD7468EDEACC3AB5FB356DC2 /* TitleView.swift in Sources */,
				17789F6C18E27A1650A54641 /* UnderwaterEnvironmentRenderer.swift in Sources */,
				9059DAF524A4DE7DF5EF3630 /* UnderwaterMusicProvider.swift in Sources */,
			);
			runOnlyForDeploymentPostprocessing = 0;
		};
		9E3A093D089CE1F7921DB9ED /* Sources */ = {
			isa = PBXSourcesBuildPhase;
			buildActionMask = 2147483647;
			files = (
				7FA35A59473A7ECB6EC13D76 /* ArcticEnvironmentRenderer.swift in Sources */,
				71C2BD5206471EDD93A53090 /* ArcticMusicProvider.swift in Sources */,
				62C0A8437F7E6A7E6C1E7F8A /* AudioManager.swift in Sources */,
				66A4DD723957318F554D4D73 /* CharacterRenderer.swift in Sources */,
				0203464B55CF6B69E7EBDFE7 /* CharacterSelectionView.swift in Sources */,
				EFAAA889E98C50AF014853AD /* ClassicEnvironmentRenderer.swift in Sources */,
				6BA0180BCDCBC786FA2EF1AB /* ClassicMusicProvider.swift in Sources */,
				A82B8D389D09B88AE77EFF01 /* ContentView.swift in Sources */,
				97378D63F60C9FFA7E54CCF5 /* DesertEnvironmentRenderer.swift in Sources */,
				0ACBF8A18F9D49960A7C067A /* DesertMusicProvider.swift in Sources */,
				B30B3623FBBDCDB336E6E5F0 /* EnvironmentMusicManager.swift in Sources */,
				408AA8D79783D2DF0A03C0BD /* EnvironmentMusicProvider.swift in Sources */,
				62AA744029546166E86E5AB1 /* EnvironmentRenderer.swift in Sources */,
				5E5DB28EA662E33E9352FD5B /* EnvironmentSelectionView.swift in Sources */,
				E0C2AEFE3816ECC728D7E465 /* FlappyBirdApp.swift in Sources */,
				E81186983FCCC8FD0C7C001C /* GameCharacter.swift in Sources */,
				5C8E19E3D5503F5EF740E0AD /* GameConfig.swift in Sources */,
				0DA5A03DC6FD4ADB134B6A7E /* GameEnvironment.swift in Sources */,
				29FCA9DB4DC3304F43CC2C51 /* GameRouter.swift in Sources */,
				7BC63A02B32ED81E4D077E7E /* GameScene+Input.swift in Sources */,
				47998C6A8BA2C45A6BEC8D19 /* GameScene+Spawning.swift in Sources */,
				8371513B8F971C029C7081CB /* GameScene.swift in Sources */,
				5C1E3F98A9AE206BC43743C7 /* GameState.swift in Sources */,
				01A4A63EC01E2AFD4BD19196 /* GameplayView.swift in Sources */,
				98DC6940F1536EFDAD07205D /* JungleEnvironmentRenderer.swift in Sources */,
				9DC5FB78C0D719851ACEF363 /* JungleMusicProvider.swift in Sources */,
				DA905F6CD86EDB81C1D5C9A4 /* MenuMusicProvider.swift in Sources */,
				8919531FA891FD0AC1D36A60 /* MusicEngine.swift in Sources */,
				C9FA819FD45FDF6B5C6F3621 /* ObstacleNode.swift in Sources */,
				C1FD3D385AAF68707D89D98E /* ParallaxBackground.swift in Sources */,
				7CEBB1E3F9428038CEF49D77 /* PhysicsCategory.swift in Sources */,
				3E496F62C23B137ED46298D2 /* PlayerNode.swift in Sources */,
				C9535D52A4607219D41FC91E /* SFXGenerator.swift in Sources */,
				E323F7C60630E8499B4E57C5 /* SpaceEnvironmentRenderer.swift in Sources */,
				A3AFDEF35C50E900D94B2D3D /* SpaceMusicProvider.swift in Sources */,
				8BA42DF723E747DE7E928870 /* TitleView.swift in Sources */,
				5845F83F1C8F65C1ABA3BDB9 /* UnderwaterEnvironmentRenderer.swift in Sources */,
				FB9C5AFDB82C505DE0A73CDD /* UnderwaterMusicProvider.swift in Sources */,
			);
			runOnlyForDeploymentPostprocessing = 0;
		};
/* End PBXSourcesBuildPhase section */

/* Begin XCBuildConfiguration section */
		30F8037FEA24C89A19C3BC59 /* Release */ = {
			isa = XCBuildConfiguration;
			buildSettings = {
				ALWAYS_SEARCH_USER_PATHS = NO;
				CLANG_ANALYZER_NONNULL = YES;
				CLANG_ANALYZER_NUMBER_OBJECT_CONVERSION = YES_AGGRESSIVE;
				CLANG_CXX_LANGUAGE_STANDARD = "gnu++14";
				CLANG_CXX_LIBRARY = "libc++";
				CLANG_ENABLE_MODULES = YES;
				CLANG_ENABLE_OBJC_ARC = YES;
				CLANG_ENABLE_OBJC_WEAK = YES;
				CLANG_WARN_BLOCK_CAPTURE_AUTORELEASING = YES;
				CLANG_WARN_BOOL_CONVERSION = YES;
				CLANG_WARN_COMMA = YES;
				CLANG_WARN_CONSTANT_CONVERSION = YES;
				CLANG_WARN_DEPRECATED_OBJC_IMPLEMENTATIONS = YES;
				CLANG_WARN_DIRECT_OBJC_ISA_USAGE = YES_ERROR;
				CLANG_WARN_DOCUMENTATION_COMMENTS = YES;
				CLANG_WARN_EMPTY_BODY = YES;
				CLANG_WARN_ENUM_CONVERSION = YES;
				CLANG_WARN_INFINITE_RECURSION = YES;
				CLANG_WARN_INT_CONVERSION = YES;
				CLANG_WARN_NON_LITERAL_NULL_CONVERSION = YES;
				CLANG_WARN_OBJC_IMPLICIT_RETAIN_SELF = YES;
				CLANG_WARN_OBJC_LITERAL_CONVERSION = YES;
				CLANG_WARN_OBJC_ROOT_CLASS = YES_ERROR;
				CLANG_WARN_QUOTED_INCLUDE_IN_FRAMEWORK_HEADER = YES;
				CLANG_WARN_RANGE_LOOP_ANALYSIS = YES;
				CLANG_WARN_STRICT_PROTOTYPES = YES;
				CLANG_WARN_SUSPICIOUS_MOVE = YES;
				CLANG_WARN_UNGUARDED_AVAILABILITY = YES_AGGRESSIVE;
				CLANG_WARN_UNREACHABLE_CODE = YES;
				CLANG_WARN__DUPLICATE_METHOD_MATCH = YES;
				COPY_PHASE_STRIP = NO;
				DEBUG_INFORMATION_FORMAT = "dwarf-with-dsym";
				ENABLE_NS_ASSERTIONS = NO;
				ENABLE_PREVIEWS = YES;
				ENABLE_STRICT_OBJC_MSGSEND = YES;
				GCC_C_LANGUAGE_STANDARD = gnu11;
				GCC_NO_COMMON_BLOCKS = YES;
				GCC_WARN_64_TO_32_BIT_CONVERSION = YES;
				GCC_WARN_ABOUT_RETURN_TYPE = YES_ERROR;
				GCC_WARN_UNDECLARED_SELECTOR = YES;
				GCC_WARN_UNINITIALIZED_AUTOS = YES_AGGRESSIVE;
				GCC_WARN_UNUSED_FUNCTION = YES;
				GCC_WARN_UNUSED_VARIABLE = YES;
				IPHONEOS_DEPLOYMENT_TARGET = 17.0;
				MACOSX_DEPLOYMENT_TARGET = 14.0;
				MTL_ENABLE_DEBUG_INFO = NO;
				MTL_FAST_MATH = YES;
				PRODUCT_NAME = "$(TARGET_NAME)";
				SWIFT_COMPILATION_MODE = wholemodule;
				SWIFT_OPTIMIZATION_LEVEL = "-O";
				SWIFT_VERSION = 5.9;
			};
			name = Release;
		};
		5A1EEBA252220DDFB8576FB1 /* Debug */ = {
			isa = XCBuildConfiguration;
			buildSettings = {
				ASSETCATALOG_COMPILER_APPICON_NAME = AppIcon;
				CODE_SIGNING_ALLOWED = NO;
				CODE_SIGNING_REQUIRED = NO;
				CODE_SIGN_IDENTITY = "";
				CURRENT_PROJECT_VERSION = 1;
				GENERATE_INFOPLIST_FILE = YES;
				INFOPLIST_KEY_UILaunchScreen_Generation = YES;
				INFOPLIST_KEY_UIRequiresFullScreen = YES;
				INFOPLIST_KEY_UISupportedInterfaceOrientations = "UIInterfaceOrientationLandscapeLeft UIInterfaceOrientationLandscapeRight";
				LD_RUNPATH_SEARCH_PATHS = (
					"$(inherited)",
					"@executable_path/Frameworks",
				);
				MARKETING_VERSION = 1.0;
				PRODUCT_BUNDLE_IDENTIFIER = "com.jubilant-dollop.FlappyBird";
				PRODUCT_NAME = FlappyBird;
				SDKROOT = iphoneos;
				TARGETED_DEVICE_FAMILY = "1,2";
			};
			name = Debug;
		};
		B668BE3BA37839454A078411 /* Release */ = {
			isa = XCBuildConfiguration;
			buildSettings = {
				ASSETCATALOG_COMPILER_APPICON_NAME = AppIcon;
				CODE_SIGNING_ALLOWED = NO;
				CODE_SIGNING_REQUIRED = NO;
				CODE_SIGN_IDENTITY = "";
				CURRENT_PROJECT_VERSION = 1;
				GENERATE_INFOPLIST_FILE = YES;
				INFOPLIST_KEY_UILaunchScreen_Generation = YES;
				INFOPLIST_KEY_UIRequiresFullScreen = YES;
				INFOPLIST_KEY_UISupportedInterfaceOrientations = "UIInterfaceOrientationLandscapeLeft UIInterfaceOrientationLandscapeRight";
				LD_RUNPATH_SEARCH_PATHS = (
					"$(inherited)",
					"@executable_path/Frameworks",
				);
				MARKETING_VERSION = 1.0;
				PRODUCT_BUNDLE_IDENTIFIER = "com.jubilant-dollop.FlappyBird";
				PRODUCT_NAME = FlappyBird;
				SDKROOT = iphoneos;
				TARGETED_DEVICE_FAMILY = "1,2";
			};
			name = Release;
		};
		BA89BAB0A2BFFDB6E5BBD7EA /* Debug */ = {
			isa = XCBuildConfiguration;
			buildSettings = {
				ASSETCATALOG_COMPILER_APPICON_NAME = AppIcon;
				CODE_SIGNING_ALLOWED = NO;
				CODE_SIGNING_REQUIRED = NO;
				CODE_SIGN_IDENTITY = "";
				COMBINE_HIDPI_IMAGES = YES;
				CURRENT_PROJECT_VERSION = 1;
				GENERATE_INFOPLIST_FILE = YES;
				LD_RUNPATH_SEARCH_PATHS = (
					"$(inherited)",
					"@executable_path/../Frameworks",
				);
				MARKETING_VERSION = 1.0;
				PRODUCT_BUNDLE_IDENTIFIER = "com.jubilant-dollop.FlappyBird";
				PRODUCT_NAME = FlappyBird;
				SDKROOT = macosx;
			};
			name = Debug;
		};
		EFA2F420379AF89AC6283DBE /* Release */ = {
			isa = XCBuildConfiguration;
			buildSettings = {
				ASSETCATALOG_COMPILER_APPICON_NAME = AppIcon;
				CODE_SIGNING_ALLOWED = NO;
				CODE_SIGNING_REQUIRED = NO;
				CODE_SIGN_IDENTITY = "";
				COMBINE_HIDPI_IMAGES = YES;
				CURRENT_PROJECT_VERSION = 1;
				GENERATE_INFOPLIST_FILE = YES;
				LD_RUNPATH_SEARCH_PATHS = (
					"$(inherited)",
					"@executable_path/../Frameworks",
				);
				MARKETING_VERSION = 1.0;
				PRODUCT_BUNDLE_IDENTIFIER = "com.jubilant-dollop.FlappyBird";
				PRODUCT_NAME = FlappyBird;
				SDKROOT = macosx;
			};
			name = Release;
		};
		F95C432F7BE9F0C86FE4C392 /* Debug */ = {
			isa = XCBuildConfiguration;
			buildSettings = {
				ALWAYS_SEARCH_USER_PATHS = NO;
				CLANG_ANALYZER_NONNULL = YES;
				CLANG_ANALYZER_NUMBER_OBJECT_CONVERSION = YES_AGGRESSIVE;
				CLANG_CXX_LANGUAGE_STANDARD = "gnu++14";
				CLANG_CXX_LIBRARY = "libc++";
				CLANG_ENABLE_MODULES = YES;
				CLANG_ENABLE_OBJC_ARC = YES;
				CLANG_ENABLE_OBJC_WEAK = YES;
				CLANG_WARN_BLOCK_CAPTURE_AUTORELEASING = YES;
				CLANG_WARN_BOOL_CONVERSION = YES;
				CLANG_WARN_COMMA = YES;
				CLANG_WARN_CONSTANT_CONVERSION = YES;
				CLANG_WARN_DEPRECATED_OBJC_IMPLEMENTATIONS = YES;
				CLANG_WARN_DIRECT_OBJC_ISA_USAGE = YES_ERROR;
				CLANG_WARN_DOCUMENTATION_COMMENTS = YES;
				CLANG_WARN_EMPTY_BODY = YES;
				CLANG_WARN_ENUM_CONVERSION = YES;
				CLANG_WARN_INFINITE_RECURSION = YES;
				CLANG_WARN_INT_CONVERSION = YES;
				CLANG_WARN_NON_LITERAL_NULL_CONVERSION = YES;
				CLANG_WARN_OBJC_IMPLICIT_RETAIN_SELF = YES;
				CLANG_WARN_OBJC_LITERAL_CONVERSION = YES;
				CLANG_WARN_OBJC_ROOT_CLASS = YES_ERROR;
				CLANG_WARN_QUOTED_INCLUDE_IN_FRAMEWORK_HEADER = YES;
				CLANG_WARN_RANGE_LOOP_ANALYSIS = YES;
				CLANG_WARN_STRICT_PROTOTYPES = YES;
				CLANG_WARN_SUSPICIOUS_MOVE = YES;
				CLANG_WARN_UNGUARDED_AVAILABILITY = YES_AGGRESSIVE;
				CLANG_WARN_UNREACHABLE_CODE = YES;
				CLANG_WARN__DUPLICATE_METHOD_MATCH = YES;
				COPY_PHASE_STRIP = NO;
				DEBUG_INFORMATION_FORMAT = dwarf;
				ENABLE_PREVIEWS = YES;
				ENABLE_STRICT_OBJC_MSGSEND = YES;
				ENABLE_TESTABILITY = YES;
				GCC_C_LANGUAGE_STANDARD = gnu11;
				GCC_DYNAMIC_NO_PIC = NO;
				GCC_NO_COMMON_BLOCKS = YES;
				GCC_OPTIMIZATION_LEVEL = 0;
				GCC_PREPROCESSOR_DEFINITIONS = (
					"$(inherited)",
					"DEBUG=1",
				);
				GCC_WARN_64_TO_32_BIT_CONVERSION = YES;
				GCC_WARN_ABOUT_RETURN_TYPE = YES_ERROR;
				GCC_WARN_UNDECLARED_SELECTOR = YES;
				GCC_WARN_UNINITIALIZED_AUTOS = YES_AGGRESSIVE;
				GCC_WARN_UNUSED_FUNCTION = YES;
				GCC_WARN_UNUSED_VARIABLE = YES;
				IPHONEOS_DEPLOYMENT_TARGET = 17.0;
				MACOSX_DEPLOYMENT_TARGET = 14.0;
				MTL_ENABLE_DEBUG_INFO = INCLUDE_SOURCE;
				MTL_FAST_MATH = YES;
				ONLY_ACTIVE_ARCH = YES;
				PRODUCT_NAME = "$(TARGET_NAME)";
				SWIFT_ACTIVE_COMPILATION_CONDITIONS = DEBUG;
				SWIFT_OPTIMIZATION_LEVEL = "-Onone";
				SWIFT_VERSION = 5.9;
			};
			name = Debug;
		};
/* End XCBuildConfiguration section */

/* Begin XCConfigurationList section */
		19E68A9E8FCE8C7BB84F6628 /* Build configuration list for PBXNativeTarget "FlappyBird-iOS" */ = {
			isa = XCConfigurationList;
			buildConfigurations = (
				5A1EEBA252220DDFB8576FB1 /* Debug */,
				B668BE3BA37839454A078411 /* Release */,
			);
			defaultConfigurationIsVisible = 0;
			defaultConfigurationName = Debug;
		};
		2A667CE47DFF5C64E0CAA59B /* Build configuration list for PBXNativeTarget "FlappyBird-macOS" */ = {
			isa = XCConfigurationList;
			buildConfigurations = (
				BA89BAB0A2BFFDB6E5BBD7EA /* Debug */,
				EFA2F420379AF89AC6283DBE /* Release */,
			);
			defaultConfigurationIsVisible = 0;
			defaultConfigurationName = Debug;
		};
		5FBD74FDC812583FF6DE1F58 /* Build configuration list for PBXProject "FlappyBird" */ = {
			isa = XCConfigurationList;
			buildConfigurations = (
				F95C432F7BE9F0C86FE4C392 /* Debug */,
				30F8037FEA24C89A19C3BC59 /* Release */,
			);
			defaultConfigurationIsVisible = 0;
			defaultConfigurationName = Debug;
		};
/* End XCConfigurationList section */

/* Begin XCRemoteSwiftPackageReference section */
		E56460C24DB060FC3D0A58B9 /* XCRemoteSwiftPackageReference "AudioKit" */ = {
			isa = XCRemoteSwiftPackageReference;
			repositoryURL = "https://github.com/AudioKit/AudioKit.git";
			requirement = {
				kind = upToNextMajorVersion;
				minimumVersion = 5.6.0;
			};
		};
/* End XCRemoteSwiftPackageReference section */

/* Begin XCSwiftPackageProductDependency section */
		68245BA54677E635FE9FC900 /* AudioKit */ = {
			isa = XCSwiftPackageProductDependency;
			package = E56460C24DB060FC3D0A58B9 /* XCRemoteSwiftPackageReference "AudioKit" */;
			productName = AudioKit;
		};
		DEEBB6D2BB6A55A216ECE864 /* AudioKit */ = {
			isa = XCSwiftPackageProductDependency;
			package = E56460C24DB060FC3D0A58B9 /* XCRemoteSwiftPackageReference "AudioKit" */;
			productName = AudioKit;
		};
/* End XCSwiftPackageProductDependency section */
	};
	rootObject = 8D4981AD2B4CD5E51F5DF425 /* Project object */;
}
